// !$*UTF8*$!
{
	archiveVersion = 1;
	classes = {
	};
	objectVersion = 46;
	objects = {

/* Begin PBXBuildFile section */
		08E43F9DDE79A8B733B8B24B /* libPods.a in Frameworks */ = {isa = PBXBuildFile; fileRef = FCB3AB03E3CF78806BC3AED2 /* libPods.a */; };
		4C5DE2201B6CA77100B85BB8 /* LoginViewController.m in Sources */ = {isa = PBXBuildFile; fileRef = 4C5DE21F1B6CA77100B85BB8 /* LoginViewController.m */; };
		4C5DE23B1B6CCE3A00B85BB8 /* LeftMenuViewController.m in Sources */ = {isa = PBXBuildFile; fileRef = 4C5DE23A1B6CCE3A00B85BB8 /* LeftMenuViewController.m */; };
		4C5DE23E1B6CCE4500B85BB8 /* SWRevealViewController.m in Sources */ = {isa = PBXBuildFile; fileRef = 4C5DE23D1B6CCE4500B85BB8 /* SWRevealViewController.m */; };
		4C5DE2411B6CCE6000B85BB8 /* LeftMenuTableViewCell.m in Sources */ = {isa = PBXBuildFile; fileRef = 4C5DE2401B6CCE6000B85BB8 /* LeftMenuTableViewCell.m */; };
		4C76DEF01B6D06840052FD48 /* temp.storyboard in Resources */ = {isa = PBXBuildFile; fileRef = 4C76DEEF1B6D06840052FD48 /* temp.storyboard */; };
		4C76DEF31B6D0C870052FD48 /* TestResultViewController.m in Sources */ = {isa = PBXBuildFile; fileRef = 4C76DEF21B6D0C870052FD48 /* TestResultViewController.m */; };
		4C76DEF61B6D110D0052FD48 /* TestResultTableViewCell.m in Sources */ = {isa = PBXBuildFile; fileRef = 4C76DEF51B6D110D0052FD48 /* TestResultTableViewCell.m */; };
		842266121B6CB05F00AABFB6 /* UIButton+Style.m in Sources */ = {isa = PBXBuildFile; fileRef = 842266111B6CB05F00AABFB6 /* UIButton+Style.m */; };
		842266151B6CB12400AABFB6 /* UIImage+Color.m in Sources */ = {isa = PBXBuildFile; fileRef = 842266141B6CB12400AABFB6 /* UIImage+Color.m */; };
		842266201B6CC55300AABFB6 /* UIImage+BlurredFrame.m in Sources */ = {isa = PBXBuildFile; fileRef = 8422661D1B6CC55300AABFB6 /* UIImage+BlurredFrame.m */; };
		842266211B6CC55300AABFB6 /* UIImage+ImageEffects.m in Sources */ = {isa = PBXBuildFile; fileRef = 8422661F1B6CC55300AABFB6 /* UIImage+ImageEffects.m */; };
		842266251B6CE30F00AABFB6 /* CustomNavigationBar.m in Sources */ = {isa = PBXBuildFile; fileRef = 842266241B6CE30F00AABFB6 /* CustomNavigationBar.m */; };
		842266291B6CFDA500AABFB6 /* LeftMenuHeaderView.m in Sources */ = {isa = PBXBuildFile; fileRef = 842266281B6CFDA500AABFB6 /* LeftMenuHeaderView.m */; };
		8422662B1B6CFDBA00AABFB6 /* LeftMenuHeaderView.xib in Resources */ = {isa = PBXBuildFile; fileRef = 8422662A1B6CFDBA00AABFB6 /* LeftMenuHeaderView.xib */; };
		8427E0851B6D1E1B00EF96D5 /* UIView+Shadow.m in Sources */ = {isa = PBXBuildFile; fileRef = 8427E0841B6D1E1B00EF96D5 /* UIView+Shadow.m */; };
		8427E08C1B6D3EF500EF96D5 /* TeacherClassCell.m in Sources */ = {isa = PBXBuildFile; fileRef = 8427E08B1B6D3EF500EF96D5 /* TeacherClassCell.m */; };
		8708A3C71B6C86860012484E /* main.m in Sources */ = {isa = PBXBuildFile; fileRef = 8708A3C61B6C86860012484E /* main.m */; };
		8708A3CA1B6C86860012484E /* AppDelegate.m in Sources */ = {isa = PBXBuildFile; fileRef = 8708A3C91B6C86860012484E /* AppDelegate.m */; };
		8708A3D01B6C86860012484E /* Main.storyboard in Resources */ = {isa = PBXBuildFile; fileRef = 8708A3CE1B6C86860012484E /* Main.storyboard */; };
		8708A3D21B6C86860012484E /* Images.xcassets in Resources */ = {isa = PBXBuildFile; fileRef = 8708A3D11B6C86860012484E /* Images.xcassets */; };
		8708A3D51B6C86860012484E /* LaunchScreen.xib in Resources */ = {isa = PBXBuildFile; fileRef = 8708A3D31B6C86860012484E /* LaunchScreen.xib */; };
		8708A3E11B6C86860012484E /* EduberTests.m in Sources */ = {isa = PBXBuildFile; fileRef = 8708A3E01B6C86860012484E /* EduberTests.m */; };
		878B3E7C1B6C8DB6006B8710 /* Teacher.storyboard in Resources */ = {isa = PBXBuildFile; fileRef = 878B3E7B1B6C8DB6006B8710 /* Teacher.storyboard */; };
		878B3E871B6CA39E006B8710 /* Student.storyboard in Resources */ = {isa = PBXBuildFile; fileRef = 878B3E861B6CA39E006B8710 /* Student.storyboard */; };
		878B3E8A1B6CA3F3006B8710 /* StudentStudyFieldsViewController.m in Sources */ = {isa = PBXBuildFile; fileRef = 878B3E891B6CA3F3006B8710 /* StudentStudyFieldsViewController.m */; };
		878B3E8D1B6CA7CC006B8710 /* StudyFieldCollectionViewCell.m in Sources */ = {isa = PBXBuildFile; fileRef = 878B3E8C1B6CA7CC006B8710 /* StudyFieldCollectionViewCell.m */; };
		878B3E9C1B6D17D0006B8710 /* StudentClassSelectViewController.m in Sources */ = {isa = PBXBuildFile; fileRef = 878B3E9B1B6D17D0006B8710 /* StudentClassSelectViewController.m */; };
		878B3EB21B6D3D23006B8710 /* TeacherClassListViewController.m in Sources */ = {isa = PBXBuildFile; fileRef = 878B3EAF1B6D3D23006B8710 /* TeacherClassListViewController.m */; };
		878B3EB31B6D3D23006B8710 /* TestInfoViewController.m in Sources */ = {isa = PBXBuildFile; fileRef = 878B3EB11B6D3D23006B8710 /* TestInfoViewController.m */; };
		878B3EB71B6D3D38006B8710 /* ClassInfo.m in Sources */ = {isa = PBXBuildFile; fileRef = 878B3EB61B6D3D38006B8710 /* ClassInfo.m */; };
/* End PBXBuildFile section */

/* Begin PBXContainerItemProxy section */
		8708A3DB1B6C86860012484E /* PBXContainerItemProxy */ = {
			isa = PBXContainerItemProxy;
			containerPortal = 8708A3B91B6C86860012484E /* Project object */;
			proxyType = 1;
			remoteGlobalIDString = 8708A3C01B6C86860012484E;
			remoteInfo = Eduber;
		};
/* End PBXContainerItemProxy section */

/* Begin PBXFileReference section */
		058077DC531D626741DCE35B /* Pods.debug.xcconfig */ = {isa = PBXFileReference; includeInIndex = 1; lastKnownFileType = text.xcconfig; name = Pods.debug.xcconfig; path = "Pods/Target Support Files/Pods/Pods.debug.xcconfig"; sourceTree = "<group>"; };
		4C5DE21E1B6CA77100B85BB8 /* LoginViewController.h */ = {isa = PBXFileReference; fileEncoding = 4; lastKnownFileType = sourcecode.c.h; name = LoginViewController.h; path = ViewControllers/LoginViewController.h; sourceTree = "<group>"; };
		4C5DE21F1B6CA77100B85BB8 /* LoginViewController.m */ = {isa = PBXFileReference; fileEncoding = 4; lastKnownFileType = sourcecode.c.objc; name = LoginViewController.m; path = ViewControllers/LoginViewController.m; sourceTree = "<group>"; };
		4C5DE2391B6CCE3A00B85BB8 /* LeftMenuViewController.h */ = {isa = PBXFileReference; fileEncoding = 4; lastKnownFileType = sourcecode.c.h; name = LeftMenuViewController.h; path = ViewControllers/LeftMenuViewController.h; sourceTree = "<group>"; };
		4C5DE23A1B6CCE3A00B85BB8 /* LeftMenuViewController.m */ = {isa = PBXFileReference; fileEncoding = 4; lastKnownFileType = sourcecode.c.objc; name = LeftMenuViewController.m; path = ViewControllers/LeftMenuViewController.m; sourceTree = "<group>"; };
		4C5DE23C1B6CCE4500B85BB8 /* SWRevealViewController.h */ = {isa = PBXFileReference; fileEncoding = 4; lastKnownFileType = sourcecode.c.h; name = SWRevealViewController.h; path = ViewControllers/SWRevealViewController/SWRevealViewController.h; sourceTree = "<group>"; };
		4C5DE23D1B6CCE4500B85BB8 /* SWRevealViewController.m */ = {isa = PBXFileReference; fileEncoding = 4; lastKnownFileType = sourcecode.c.objc; name = SWRevealViewController.m; path = ViewControllers/SWRevealViewController/SWRevealViewController.m; sourceTree = "<group>"; };
		4C5DE23F1B6CCE6000B85BB8 /* LeftMenuTableViewCell.h */ = {isa = PBXFileReference; fileEncoding = 4; lastKnownFileType = sourcecode.c.h; path = LeftMenuTableViewCell.h; sourceTree = "<group>"; };
		4C5DE2401B6CCE6000B85BB8 /* LeftMenuTableViewCell.m */ = {isa = PBXFileReference; fileEncoding = 4; lastKnownFileType = sourcecode.c.objc; path = LeftMenuTableViewCell.m; sourceTree = "<group>"; };
		4C76DEEF1B6D06840052FD48 /* temp.storyboard */ = {isa = PBXFileReference; fileEncoding = 4; lastKnownFileType = file.storyboard; path = temp.storyboard; sourceTree = "<group>"; };
		4C76DEF11B6D0C870052FD48 /* TestResultViewController.h */ = {isa = PBXFileReference; fileEncoding = 4; lastKnownFileType = sourcecode.c.h; name = TestResultViewController.h; path = ViewControllers/TestResultViewController.h; sourceTree = "<group>"; };
		4C76DEF21B6D0C870052FD48 /* TestResultViewController.m */ = {isa = PBXFileReference; fileEncoding = 4; lastKnownFileType = sourcecode.c.objc; name = TestResultViewController.m; path = ViewControllers/TestResultViewController.m; sourceTree = "<group>"; };
		4C76DEF41B6D110D0052FD48 /* TestResultTableViewCell.h */ = {isa = PBXFileReference; fileEncoding = 4; lastKnownFileType = sourcecode.c.h; name = TestResultTableViewCell.h; path = ViewCells/TestResultTableViewCell.h; sourceTree = "<group>"; };
		4C76DEF51B6D110D0052FD48 /* TestResultTableViewCell.m */ = {isa = PBXFileReference; fileEncoding = 4; lastKnownFileType = sourcecode.c.objc; name = TestResultTableViewCell.m; path = ViewCells/TestResultTableViewCell.m; sourceTree = "<group>"; };
		7AAAF699BC1C757B5D3D8778 /* Pods.release.xcconfig */ = {isa = PBXFileReference; includeInIndex = 1; lastKnownFileType = text.xcconfig; name = Pods.release.xcconfig; path = "Pods/Target Support Files/Pods/Pods.release.xcconfig"; sourceTree = "<group>"; };
		842266101B6CB05F00AABFB6 /* UIButton+Style.h */ = {isa = PBXFileReference; fileEncoding = 4; lastKnownFileType = sourcecode.c.h; path = "UIButton+Style.h"; sourceTree = "<group>"; };
		842266111B6CB05F00AABFB6 /* UIButton+Style.m */ = {isa = PBXFileReference; fileEncoding = 4; lastKnownFileType = sourcecode.c.objc; path = "UIButton+Style.m"; sourceTree = "<group>"; };
		842266131B6CB12400AABFB6 /* UIImage+Color.h */ = {isa = PBXFileReference; fileEncoding = 4; lastKnownFileType = sourcecode.c.h; path = "UIImage+Color.h"; sourceTree = "<group>"; };
		842266141B6CB12400AABFB6 /* UIImage+Color.m */ = {isa = PBXFileReference; fileEncoding = 4; lastKnownFileType = sourcecode.c.objc; path = "UIImage+Color.m"; sourceTree = "<group>"; };
		8422661A1B6CB33C00AABFB6 /* Constant.h */ = {isa = PBXFileReference; fileEncoding = 4; lastKnownFileType = sourcecode.c.h; path = Constant.h; sourceTree = "<group>"; };
		8422661B1B6CB34C00AABFB6 /* Eduber-prefix.pch */ = {isa = PBXFileReference; lastKnownFileType = sourcecode.c.h; path = "Eduber-prefix.pch"; sourceTree = "<group>"; };
		8422661C1B6CC55300AABFB6 /* UIImage+BlurredFrame.h */ = {isa = PBXFileReference; fileEncoding = 4; lastKnownFileType = sourcecode.c.h; path = "UIImage+BlurredFrame.h"; sourceTree = "<group>"; };
		8422661D1B6CC55300AABFB6 /* UIImage+BlurredFrame.m */ = {isa = PBXFileReference; fileEncoding = 4; lastKnownFileType = sourcecode.c.objc; path = "UIImage+BlurredFrame.m"; sourceTree = "<group>"; };
		8422661E1B6CC55300AABFB6 /* UIImage+ImageEffects.h */ = {isa = PBXFileReference; fileEncoding = 4; lastKnownFileType = sourcecode.c.h; path = "UIImage+ImageEffects.h"; sourceTree = "<group>"; };
		8422661F1B6CC55300AABFB6 /* UIImage+ImageEffects.m */ = {isa = PBXFileReference; fileEncoding = 4; lastKnownFileType = sourcecode.c.objc; path = "UIImage+ImageEffects.m"; sourceTree = "<group>"; };
		842266231B6CE30F00AABFB6 /* CustomNavigationBar.h */ = {isa = PBXFileReference; fileEncoding = 4; lastKnownFileType = sourcecode.c.h; path = CustomNavigationBar.h; sourceTree = "<group>"; };
		842266241B6CE30F00AABFB6 /* CustomNavigationBar.m */ = {isa = PBXFileReference; fileEncoding = 4; lastKnownFileType = sourcecode.c.objc; path = CustomNavigationBar.m; sourceTree = "<group>"; };
		842266271B6CFDA500AABFB6 /* LeftMenuHeaderView.h */ = {isa = PBXFileReference; fileEncoding = 4; lastKnownFileType = sourcecode.c.h; path = LeftMenuHeaderView.h; sourceTree = "<group>"; };
		842266281B6CFDA500AABFB6 /* LeftMenuHeaderView.m */ = {isa = PBXFileReference; fileEncoding = 4; lastKnownFileType = sourcecode.c.objc; path = LeftMenuHeaderView.m; sourceTree = "<group>"; };
		8422662A1B6CFDBA00AABFB6 /* LeftMenuHeaderView.xib */ = {isa = PBXFileReference; fileEncoding = 4; lastKnownFileType = file.xib; path = LeftMenuHeaderView.xib; sourceTree = "<group>"; };
		8427E0831B6D1E1B00EF96D5 /* UIView+Shadow.h */ = {isa = PBXFileReference; fileEncoding = 4; lastKnownFileType = sourcecode.c.h; path = "UIView+Shadow.h"; sourceTree = "<group>"; };
		8427E0841B6D1E1B00EF96D5 /* UIView+Shadow.m */ = {isa = PBXFileReference; fileEncoding = 4; lastKnownFileType = sourcecode.c.objc; path = "UIView+Shadow.m"; sourceTree = "<group>"; };
		8427E08A1B6D3EF500EF96D5 /* TeacherClassCell.h */ = {isa = PBXFileReference; fileEncoding = 4; lastKnownFileType = sourcecode.c.h; name = TeacherClassCell.h; path = ViewCells/TeacherClassCell.h; sourceTree = "<group>"; };
		8427E08B1B6D3EF500EF96D5 /* TeacherClassCell.m */ = {isa = PBXFileReference; fileEncoding = 4; lastKnownFileType = sourcecode.c.objc; name = TeacherClassCell.m; path = ViewCells/TeacherClassCell.m; sourceTree = "<group>"; };
		8708A3C11B6C86860012484E /* Eduber.app */ = {isa = PBXFileReference; explicitFileType = wrapper.application; includeInIndex = 0; path = Eduber.app; sourceTree = BUILT_PRODUCTS_DIR; };
		8708A3C51B6C86860012484E /* Info.plist */ = {isa = PBXFileReference; lastKnownFileType = text.plist.xml; path = Info.plist; sourceTree = "<group>"; };
		8708A3C61B6C86860012484E /* main.m */ = {isa = PBXFileReference; lastKnownFileType = sourcecode.c.objc; path = main.m; sourceTree = "<group>"; };
		8708A3C81B6C86860012484E /* AppDelegate.h */ = {isa = PBXFileReference; lastKnownFileType = sourcecode.c.h; path = AppDelegate.h; sourceTree = "<group>"; };
		8708A3C91B6C86860012484E /* AppDelegate.m */ = {isa = PBXFileReference; lastKnownFileType = sourcecode.c.objc; path = AppDelegate.m; sourceTree = "<group>"; };
		8708A3CF1B6C86860012484E /* Base */ = {isa = PBXFileReference; lastKnownFileType = file.storyboard; name = Base; path = Base.lproj/Main.storyboard; sourceTree = "<group>"; };
		8708A3D11B6C86860012484E /* Images.xcassets */ = {isa = PBXFileReference; lastKnownFileType = folder.assetcatalog; path = Images.xcassets; sourceTree = "<group>"; };
		8708A3D41B6C86860012484E /* Base */ = {isa = PBXFileReference; lastKnownFileType = file.xib; name = Base; path = Base.lproj/LaunchScreen.xib; sourceTree = "<group>"; };
		8708A3DA1B6C86860012484E /* EduberTests.xctest */ = {isa = PBXFileReference; explicitFileType = wrapper.cfbundle; includeInIndex = 0; path = EduberTests.xctest; sourceTree = BUILT_PRODUCTS_DIR; };
		8708A3DF1B6C86860012484E /* Info.plist */ = {isa = PBXFileReference; lastKnownFileType = text.plist.xml; path = Info.plist; sourceTree = "<group>"; };
		8708A3E01B6C86860012484E /* EduberTests.m */ = {isa = PBXFileReference; lastKnownFileType = sourcecode.c.objc; path = EduberTests.m; sourceTree = "<group>"; };
		878B3E7B1B6C8DB6006B8710 /* Teacher.storyboard */ = {isa = PBXFileReference; fileEncoding = 4; lastKnownFileType = file.storyboard; path = Teacher.storyboard; sourceTree = "<group>"; };
		878B3E861B6CA39E006B8710 /* Student.storyboard */ = {isa = PBXFileReference; fileEncoding = 4; lastKnownFileType = file.storyboard; path = Student.storyboard; sourceTree = "<group>"; };
		878B3E881B6CA3F3006B8710 /* StudentStudyFieldsViewController.h */ = {isa = PBXFileReference; fileEncoding = 4; lastKnownFileType = sourcecode.c.h; name = StudentStudyFieldsViewController.h; path = ViewControllers/StudentStudyFieldsViewController.h; sourceTree = "<group>"; };
		878B3E891B6CA3F3006B8710 /* StudentStudyFieldsViewController.m */ = {isa = PBXFileReference; fileEncoding = 4; lastKnownFileType = sourcecode.c.objc; name = StudentStudyFieldsViewController.m; path = ViewControllers/StudentStudyFieldsViewController.m; sourceTree = "<group>"; };
		878B3E8B1B6CA7CC006B8710 /* StudyFieldCollectionViewCell.h */ = {isa = PBXFileReference; fileEncoding = 4; lastKnownFileType = sourcecode.c.h; name = StudyFieldCollectionViewCell.h; path = ViewCells/StudyFieldCollectionViewCell.h; sourceTree = "<group>"; };
		878B3E8C1B6CA7CC006B8710 /* StudyFieldCollectionViewCell.m */ = {isa = PBXFileReference; fileEncoding = 4; lastKnownFileType = sourcecode.c.objc; name = StudyFieldCollectionViewCell.m; path = ViewCells/StudyFieldCollectionViewCell.m; sourceTree = "<group>"; };
		878B3E9A1B6D17D0006B8710 /* StudentClassSelectViewController.h */ = {isa = PBXFileReference; fileEncoding = 4; lastKnownFileType = sourcecode.c.h; name = StudentClassSelectViewController.h; path = ViewControllers/StudentClassSelectViewController.h; sourceTree = "<group>"; };
		878B3E9B1B6D17D0006B8710 /* StudentClassSelectViewController.m */ = {isa = PBXFileReference; fileEncoding = 4; lastKnownFileType = sourcecode.c.objc; name = StudentClassSelectViewController.m; path = ViewControllers/StudentClassSelectViewController.m; sourceTree = "<group>"; };
		878B3EAE1B6D3D23006B8710 /* TeacherClassListViewController.h */ = {isa = PBXFileReference; fileEncoding = 4; lastKnownFileType = sourcecode.c.h; name = TeacherClassListViewController.h; path = ViewControllers/TeacherClassListViewController.h; sourceTree = "<group>"; };
		878B3EAF1B6D3D23006B8710 /* TeacherClassListViewController.m */ = {isa = PBXFileReference; fileEncoding = 4; lastKnownFileType = sourcecode.c.objc; name = TeacherClassListViewController.m; path = ViewControllers/TeacherClassListViewController.m; sourceTree = "<group>"; };
		878B3EB01B6D3D23006B8710 /* TestInfoViewController.h */ = {isa = PBXFileReference; fileEncoding = 4; lastKnownFileType = sourcecode.c.h; name = TestInfoViewController.h; path = ViewControllers/TestInfoViewController.h; sourceTree = "<group>"; };
		878B3EB11B6D3D23006B8710 /* TestInfoViewController.m */ = {isa = PBXFileReference; fileEncoding = 4; lastKnownFileType = sourcecode.c.objc; name = TestInfoViewController.m; path = ViewControllers/TestInfoViewController.m; sourceTree = "<group>"; };
		878B3EB51B6D3D38006B8710 /* ClassInfo.h */ = {isa = PBXFileReference; fileEncoding = 4; lastKnownFileType = sourcecode.c.h; name = ClassInfo.h; path = Models/ClassInfo.h; sourceTree = "<group>"; };
		878B3EB61B6D3D38006B8710 /* ClassInfo.m */ = {isa = PBXFileReference; fileEncoding = 4; lastKnownFileType = sourcecode.c.objc; name = ClassInfo.m; path = Models/ClassInfo.m; sourceTree = "<group>"; };
		FCB3AB03E3CF78806BC3AED2 /* libPods.a */ = {isa = PBXFileReference; explicitFileType = archive.ar; includeInIndex = 0; path = libPods.a; sourceTree = BUILT_PRODUCTS_DIR; };
/* End PBXFileReference section */

/* Begin PBXFrameworksBuildPhase section */
		8708A3BE1B6C86860012484E /* Frameworks */ = {
			isa = PBXFrameworksBuildPhase;
			buildActionMask = 2147483647;
			files = (
				08E43F9DDE79A8B733B8B24B /* libPods.a in Frameworks */,
			);
			runOnlyForDeploymentPostprocessing = 0;
		};
		8708A3D71B6C86860012484E /* Frameworks */ = {
			isa = PBXFrameworksBuildPhase;
			buildActionMask = 2147483647;
			files = (
			);
			runOnlyForDeploymentPostprocessing = 0;
		};
/* End PBXFrameworksBuildPhase section */

/* Begin PBXGroup section */
		0B814FB81F13CF2C60A4BA4C /* Frameworks */ = {
			isa = PBXGroup;
			children = (
				FCB3AB03E3CF78806BC3AED2 /* libPods.a */,
			);
			name = Frameworks;
			sourceTree = "<group>";
		};
		4C5DE21A1B6C994900B85BB8 /* ViewControllers */ = {
			isa = PBXGroup;
			children = (
				878B3EAE1B6D3D23006B8710 /* TeacherClassListViewController.h */,
				878B3EAF1B6D3D23006B8710 /* TeacherClassListViewController.m */,
				878B3EB01B6D3D23006B8710 /* TestInfoViewController.h */,
				878B3EB11B6D3D23006B8710 /* TestInfoViewController.m */,
				842266261B6CFD5800AABFB6 /* LeftMenu */,
				4C5DE21E1B6CA77100B85BB8 /* LoginViewController.h */,
				4C5DE21F1B6CA77100B85BB8 /* LoginViewController.m */,
				878B3E881B6CA3F3006B8710 /* StudentStudyFieldsViewController.h */,
				878B3E891B6CA3F3006B8710 /* StudentStudyFieldsViewController.m */,
				878B3E9A1B6D17D0006B8710 /* StudentClassSelectViewController.h */,
				878B3E9B1B6D17D0006B8710 /* StudentClassSelectViewController.m */,
				4C5DE23C1B6CCE4500B85BB8 /* SWRevealViewController.h */,
				4C5DE23D1B6CCE4500B85BB8 /* SWRevealViewController.m */,
				4C76DEF11B6D0C870052FD48 /* TestResultViewController.h */,
				4C76DEF21B6D0C870052FD48 /* TestResultViewController.m */,
			);
			name = ViewControllers;
			sourceTree = "<group>";
		};
		8422660F1B6CB05F00AABFB6 /* Category */ = {
			isa = PBXGroup;
			children = (
				8422661C1B6CC55300AABFB6 /* UIImage+BlurredFrame.h */,
				8422661D1B6CC55300AABFB6 /* UIImage+BlurredFrame.m */,
				8422661E1B6CC55300AABFB6 /* UIImage+ImageEffects.h */,
				8422661F1B6CC55300AABFB6 /* UIImage+ImageEffects.m */,
				842266131B6CB12400AABFB6 /* UIImage+Color.h */,
				842266141B6CB12400AABFB6 /* UIImage+Color.m */,
				842266101B6CB05F00AABFB6 /* UIButton+Style.h */,
				842266111B6CB05F00AABFB6 /* UIButton+Style.m */,
				8427E0831B6D1E1B00EF96D5 /* UIView+Shadow.h */,
				8427E0841B6D1E1B00EF96D5 /* UIView+Shadow.m */,
			);
			path = Category;
			sourceTree = "<group>";
		};
		842266221B6CE30200AABFB6 /* CustomView */ = {
			isa = PBXGroup;
			children = (
				842266231B6CE30F00AABFB6 /* CustomNavigationBar.h */,
				842266241B6CE30F00AABFB6 /* CustomNavigationBar.m */,
			);
			name = CustomView;
			sourceTree = "<group>";
		};
		842266261B6CFD5800AABFB6 /* LeftMenu */ = {
			isa = PBXGroup;
			children = (
				842266271B6CFDA500AABFB6 /* LeftMenuHeaderView.h */,
				842266281B6CFDA500AABFB6 /* LeftMenuHeaderView.m */,
				8422662A1B6CFDBA00AABFB6 /* LeftMenuHeaderView.xib */,
				4C5DE2391B6CCE3A00B85BB8 /* LeftMenuViewController.h */,
				4C5DE23A1B6CCE3A00B85BB8 /* LeftMenuViewController.m */,
			);
			name = LeftMenu;
			sourceTree = "<group>";
		};
		8708A3B81B6C86860012484E = {
			isa = PBXGroup;
			children = (
				8708A3C31B6C86860012484E /* Eduber */,
				8708A3DD1B6C86860012484E /* EduberTests */,
				8708A3C21B6C86860012484E /* Products */,
				A3511BA3288F5F0D915E0190 /* Pods */,
				0B814FB81F13CF2C60A4BA4C /* Frameworks */,
			);
			sourceTree = "<group>";
		};
		8708A3C21B6C86860012484E /* Products */ = {
			isa = PBXGroup;
			children = (
				8708A3C11B6C86860012484E /* Eduber.app */,
				8708A3DA1B6C86860012484E /* EduberTests.xctest */,
			);
			name = Products;
			sourceTree = "<group>";
		};
		8708A3C31B6C86860012484E /* Eduber */ = {
			isa = PBXGroup;
			children = (
				878B3EB41B6D3D2D006B8710 /* Models */,
				842266221B6CE30200AABFB6 /* CustomView */,
				8422660F1B6CB05F00AABFB6 /* Category */,
				878B3E8E1B6CA7D0006B8710 /* ViewCells */,
				4C5DE21A1B6C994900B85BB8 /* ViewControllers */,
				8708A3C81B6C86860012484E /* AppDelegate.h */,
				8708A3C91B6C86860012484E /* AppDelegate.m */,
				878B3E7B1B6C8DB6006B8710 /* Teacher.storyboard */,
				878B3E861B6CA39E006B8710 /* Student.storyboard */,
				4C76DEEF1B6D06840052FD48 /* temp.storyboard */,
				8708A3CE1B6C86860012484E /* Main.storyboard */,
				8708A3D31B6C86860012484E /* LaunchScreen.xib */,
				8708A3D11B6C86860012484E /* Images.xcassets */,
				8708A3C41B6C86860012484E /* Supporting Files */,
			);
			path = Eduber;
			sourceTree = "<group>";
		};
		8708A3C41B6C86860012484E /* Supporting Files */ = {
			isa = PBXGroup;
			children = (
				8422661A1B6CB33C00AABFB6 /* Constant.h */,
				8708A3C51B6C86860012484E /* Info.plist */,
				8708A3C61B6C86860012484E /* main.m */,
				8422661B1B6CB34C00AABFB6 /* Eduber-prefix.pch */,
			);
			name = "Supporting Files";
			sourceTree = "<group>";
		};
		8708A3DD1B6C86860012484E /* EduberTests */ = {
			isa = PBXGroup;
			children = (
				8708A3E01B6C86860012484E /* EduberTests.m */,
				8708A3DE1B6C86860012484E /* Supporting Files */,
			);
			path = EduberTests;
			sourceTree = "<group>";
		};
		8708A3DE1B6C86860012484E /* Supporting Files */ = {
			isa = PBXGroup;
			children = (
				8708A3DF1B6C86860012484E /* Info.plist */,
			);
			name = "Supporting Files";
			sourceTree = "<group>";
		};
		878B3E8E1B6CA7D0006B8710 /* ViewCells */ = {
			isa = PBXGroup;
			children = (
				8427E08A1B6D3EF500EF96D5 /* TeacherClassCell.h */,
				8427E08B1B6D3EF500EF96D5 /* TeacherClassCell.m */,
				4C5DE23F1B6CCE6000B85BB8 /* LeftMenuTableViewCell.h */,
				4C5DE2401B6CCE6000B85BB8 /* LeftMenuTableViewCell.m */,
				878B3E8B1B6CA7CC006B8710 /* StudyFieldCollectionViewCell.h */,
				878B3E8C1B6CA7CC006B8710 /* StudyFieldCollectionViewCell.m */,
				4C76DEF41B6D110D0052FD48 /* TestResultTableViewCell.h */,
				4C76DEF51B6D110D0052FD48 /* TestResultTableViewCell.m */,
			);
			name = ViewCells;
			sourceTree = "<group>";
		};
		878B3EB41B6D3D2D006B8710 /* Models */ = {
			isa = PBXGroup;
			children = (
				878B3EB51B6D3D38006B8710 /* ClassInfo.h */,
				878B3EB61B6D3D38006B8710 /* ClassInfo.m */,
			);
			name = Models;
			sourceTree = "<group>";
		};
		A3511BA3288F5F0D915E0190 /* Pods */ = {
			isa = PBXGroup;
			children = (
				058077DC531D626741DCE35B /* Pods.debug.xcconfig */,
				7AAAF699BC1C757B5D3D8778 /* Pods.release.xcconfig */,
			);
			name = Pods;
			sourceTree = "<group>";
		};
/* End PBXGroup section */

/* Begin PBXNativeTarget section */
		8708A3C01B6C86860012484E /* Eduber */ = {
			isa = PBXNativeTarget;
			buildConfigurationList = 8708A3E41B6C86860012484E /* Build configuration list for PBXNativeTarget "Eduber" */;
			buildPhases = (
				AD245AFBCBD721C7765FDB87 /* Check Pods Manifest.lock */,
				8708A3BD1B6C86860012484E /* Sources */,
				8708A3BE1B6C86860012484E /* Frameworks */,
				8708A3BF1B6C86860012484E /* Resources */,
				D9793B7769B401B8B4F37D93 /* Copy Pods Resources */,
			);
			buildRules = (
			);
			dependencies = (
			);
			name = Eduber;
			productName = Eduber;
			productReference = 8708A3C11B6C86860012484E /* Eduber.app */;
			productType = "com.apple.product-type.application";
		};
		8708A3D91B6C86860012484E /* EduberTests */ = {
			isa = PBXNativeTarget;
			buildConfigurationList = 8708A3E71B6C86860012484E /* Build configuration list for PBXNativeTarget "EduberTests" */;
			buildPhases = (
				8708A3D61B6C86860012484E /* Sources */,
				8708A3D71B6C86860012484E /* Frameworks */,
				8708A3D81B6C86860012484E /* Resources */,
			);
			buildRules = (
			);
			dependencies = (
				8708A3DC1B6C86860012484E /* PBXTargetDependency */,
			);
			name = EduberTests;
			productName = EduberTests;
			productReference = 8708A3DA1B6C86860012484E /* EduberTests.xctest */;
			productType = "com.apple.product-type.bundle.unit-test";
		};
/* End PBXNativeTarget section */

/* Begin PBXProject section */
		8708A3B91B6C86860012484E /* Project object */ = {
			isa = PBXProject;
			attributes = {
				LastUpgradeCheck = 0640;
				ORGANIZATIONNAME = RTH;
				TargetAttributes = {
					8708A3C01B6C86860012484E = {
						CreatedOnToolsVersion = 6.4;
					};
					8708A3D91B6C86860012484E = {
						CreatedOnToolsVersion = 6.4;
						TestTargetID = 8708A3C01B6C86860012484E;
					};
				};
			};
			buildConfigurationList = 8708A3BC1B6C86860012484E /* Build configuration list for PBXProject "Eduber" */;
			compatibilityVersion = "Xcode 3.2";
			developmentRegion = English;
			hasScannedForEncodings = 0;
			knownRegions = (
				en,
				Base,
			);
			mainGroup = 8708A3B81B6C86860012484E;
			productRefGroup = 8708A3C21B6C86860012484E /* Products */;
			projectDirPath = "";
			projectRoot = "";
			targets = (
				8708A3C01B6C86860012484E /* Eduber */,
				8708A3D91B6C86860012484E /* EduberTests */,
			);
		};
/* End PBXProject section */

/* Begin PBXResourcesBuildPhase section */
		8708A3BF1B6C86860012484E /* Resources */ = {
			isa = PBXResourcesBuildPhase;
			buildActionMask = 2147483647;
			files = (
				8708A3D01B6C86860012484E /* Main.storyboard in Resources */,
				878B3E7C1B6C8DB6006B8710 /* Teacher.storyboard in Resources */,
				4C76DEF01B6D06840052FD48 /* temp.storyboard in Resources */,
				8708A3D51B6C86860012484E /* LaunchScreen.xib in Resources */,
				8708A3D21B6C86860012484E /* Images.xcassets in Resources */,
				878B3E871B6CA39E006B8710 /* Student.storyboard in Resources */,
				8422662B1B6CFDBA00AABFB6 /* LeftMenuHeaderView.xib in Resources */,
			);
			runOnlyForDeploymentPostprocessing = 0;
		};
		8708A3D81B6C86860012484E /* Resources */ = {
			isa = PBXResourcesBuildPhase;
			buildActionMask = 2147483647;
			files = (
			);
			runOnlyForDeploymentPostprocessing = 0;
		};
/* End PBXResourcesBuildPhase section */

/* Begin PBXShellScriptBuildPhase section */
		AD245AFBCBD721C7765FDB87 /* Check Pods Manifest.lock */ = {
			isa = PBXShellScriptBuildPhase;
			buildActionMask = 2147483647;
			files = (
			);
			inputPaths = (
			);
			name = "Check Pods Manifest.lock";
			outputPaths = (
			);
			runOnlyForDeploymentPostprocessing = 0;
			shellPath = /bin/sh;
			shellScript = "diff \"${PODS_ROOT}/../Podfile.lock\" \"${PODS_ROOT}/Manifest.lock\" > /dev/null\nif [[ $? != 0 ]] ; then\n    cat << EOM\nerror: The sandbox is not in sync with the Podfile.lock. Run 'pod install' or update your CocoaPods installation.\nEOM\n    exit 1\nfi\n";
			showEnvVarsInLog = 0;
		};
		D9793B7769B401B8B4F37D93 /* Copy Pods Resources */ = {
			isa = PBXShellScriptBuildPhase;
			buildActionMask = 2147483647;
			files = (
			);
			inputPaths = (
			);
			name = "Copy Pods Resources";
			outputPaths = (
			);
			runOnlyForDeploymentPostprocessing = 0;
			shellPath = /bin/sh;
			shellScript = "\"${SRCROOT}/Pods/Target Support Files/Pods/Pods-resources.sh\"\n";
			showEnvVarsInLog = 0;
		};
/* End PBXShellScriptBuildPhase section */

/* Begin PBXSourcesBuildPhase section */
		8708A3BD1B6C86860012484E /* Sources */ = {
			isa = PBXSourcesBuildPhase;
			buildActionMask = 2147483647;
			files = (
				842266291B6CFDA500AABFB6 /* LeftMenuHeaderView.m in Sources */,
				4C5DE2411B6CCE6000B85BB8 /* LeftMenuTableViewCell.m in Sources */,
				4C76DEF31B6D0C870052FD48 /* TestResultViewController.m in Sources */,
				842266201B6CC55300AABFB6 /* UIImage+BlurredFrame.m in Sources */,
				8708A3CA1B6C86860012484E /* AppDelegate.m in Sources */,
				8427E08C1B6D3EF500EF96D5 /* TeacherClassCell.m in Sources */,
				878B3E8D1B6CA7CC006B8710 /* StudyFieldCollectionViewCell.m in Sources */,
				842266151B6CB12400AABFB6 /* UIImage+Color.m in Sources */,
				4C76DEF61B6D110D0052FD48 /* TestResultTableViewCell.m in Sources */,
				8708A3C71B6C86860012484E /* main.m in Sources */,
				878B3EB71B6D3D38006B8710 /* ClassInfo.m in Sources */,
				842266251B6CE30F00AABFB6 /* CustomNavigationBar.m in Sources */,
				878B3EB31B6D3D23006B8710 /* TestInfoViewController.m in Sources */,
				878B3E9C1B6D17D0006B8710 /* StudentClassSelectViewController.m in Sources */,
				842266211B6CC55300AABFB6 /* UIImage+ImageEffects.m in Sources */,
				4C5DE2201B6CA77100B85BB8 /* LoginViewController.m in Sources */,
				878B3E8A1B6CA3F3006B8710 /* StudentStudyFieldsViewController.m in Sources */,
				8427E0851B6D1E1B00EF96D5 /* UIView+Shadow.m in Sources */,
				842266121B6CB05F00AABFB6 /* UIButton+Style.m in Sources */,
				878B3EB21B6D3D23006B8710 /* TeacherClassListViewController.m in Sources */,
				4C5DE23B1B6CCE3A00B85BB8 /* LeftMenuViewController.m in Sources */,
				4C5DE23E1B6CCE4500B85BB8 /* SWRevealViewController.m in Sources */,
			);
			runOnlyForDeploymentPostprocessing = 0;
		};
		8708A3D61B6C86860012484E /* Sources */ = {
			isa = PBXSourcesBuildPhase;
			buildActionMask = 2147483647;
			files = (
				8708A3E11B6C86860012484E /* EduberTests.m in Sources */,
			);
			runOnlyForDeploymentPostprocessing = 0;
		};
/* End PBXSourcesBuildPhase section */

/* Begin PBXTargetDependency section */
		8708A3DC1B6C86860012484E /* PBXTargetDependency */ = {
			isa = PBXTargetDependency;
			target = 8708A3C01B6C86860012484E /* Eduber */;
			targetProxy = 8708A3DB1B6C86860012484E /* PBXContainerItemProxy */;
		};
/* End PBXTargetDependency section */

/* Begin PBXVariantGroup section */
		8708A3CE1B6C86860012484E /* Main.storyboard */ = {
			isa = PBXVariantGroup;
			children = (
				8708A3CF1B6C86860012484E /* Base */,
			);
			name = Main.storyboard;
			sourceTree = "<group>";
		};
		8708A3D31B6C86860012484E /* LaunchScreen.xib */ = {
			isa = PBXVariantGroup;
			children = (
				8708A3D41B6C86860012484E /* Base */,
			);
			name = LaunchScreen.xib;
			sourceTree = "<group>";
		};
/* End PBXVariantGroup section */

/* Begin XCBuildConfiguration section */
		8708A3E21B6C86860012484E /* Debug */ = {
			isa = XCBuildConfiguration;
			buildSettings = {
				ALWAYS_SEARCH_USER_PATHS = NO;
				CLANG_CXX_LANGUAGE_STANDARD = "gnu++0x";
				CLANG_CXX_LIBRARY = "libc++";
				CLANG_ENABLE_MODULES = YES;
				CLANG_ENABLE_OBJC_ARC = YES;
				CLANG_WARN_BOOL_CONVERSION = YES;
				CLANG_WARN_CONSTANT_CONVERSION = YES;
				CLANG_WARN_DIRECT_OBJC_ISA_USAGE = YES_ERROR;
				CLANG_WARN_EMPTY_BODY = YES;
				CLANG_WARN_ENUM_CONVERSION = YES;
				CLANG_WARN_INT_CONVERSION = YES;
				CLANG_WARN_OBJC_ROOT_CLASS = YES_ERROR;
				CLANG_WARN_UNREACHABLE_CODE = YES;
				CLANG_WARN__DUPLICATE_METHOD_MATCH = YES;
				"CODE_SIGN_IDENTITY[sdk=iphoneos*]" = "iPhone Developer";
				COPY_PHASE_STRIP = NO;
				DEBUG_INFORMATION_FORMAT = "dwarf-with-dsym";
				ENABLE_STRICT_OBJC_MSGSEND = YES;
				GCC_C_LANGUAGE_STANDARD = gnu99;
				GCC_DYNAMIC_NO_PIC = NO;
				GCC_NO_COMMON_BLOCKS = YES;
				GCC_OPTIMIZATION_LEVEL = 0;
				GCC_PREPROCESSOR_DEFINITIONS = (
					"DEBUG=1",
					"$(inherited)",
				);
				GCC_SYMBOLS_PRIVATE_EXTERN = NO;
				GCC_WARN_64_TO_32_BIT_CONVERSION = YES;
				GCC_WARN_ABOUT_RETURN_TYPE = YES_ERROR;
				GCC_WARN_UNDECLARED_SELECTOR = YES;
				GCC_WARN_UNINITIALIZED_AUTOS = YES_AGGRESSIVE;
				GCC_WARN_UNUSED_FUNCTION = YES;
				GCC_WARN_UNUSED_VARIABLE = YES;
				IPHONEOS_DEPLOYMENT_TARGET = 8.0;
				MTL_ENABLE_DEBUG_INFO = YES;
				ONLY_ACTIVE_ARCH = YES;
				SDKROOT = iphoneos;
				TARGETED_DEVICE_FAMILY = "1,2";
			};
			name = Debug;
		};
		8708A3E31B6C86860012484E /* Release */ = {
			isa = XCBuildConfiguration;
			buildSettings = {
				ALWAYS_SEARCH_USER_PATHS = NO;
				CLANG_CXX_LANGUAGE_STANDARD = "gnu++0x";
				CLANG_CXX_LIBRARY = "libc++";
				CLANG_ENABLE_MODULES = YES;
				CLANG_ENABLE_OBJC_ARC = YES;
				CLANG_WARN_BOOL_CONVERSION = YES;
				CLANG_WARN_CONSTANT_CONVERSION = YES;
				CLANG_WARN_DIRECT_OBJC_ISA_USAGE = YES_ERROR;
				CLANG_WARN_EMPTY_BODY = YES;
				CLANG_WARN_ENUM_CONVERSION = YES;
				CLANG_WARN_INT_CONVERSION = YES;
				CLANG_WARN_OBJC_ROOT_CLASS = YES_ERROR;
				CLANG_WARN_UNREACHABLE_CODE = YES;
				CLANG_WARN__DUPLICATE_METHOD_MATCH = YES;
				"CODE_SIGN_IDENTITY[sdk=iphoneos*]" = "iPhone Developer";
				COPY_PHASE_STRIP = NO;
				DEBUG_INFORMATION_FORMAT = "dwarf-with-dsym";
				ENABLE_NS_ASSERTIONS = NO;
				ENABLE_STRICT_OBJC_MSGSEND = YES;
				GCC_C_LANGUAGE_STANDARD = gnu99;
				GCC_NO_COMMON_BLOCKS = YES;
				GCC_WARN_64_TO_32_BIT_CONVERSION = YES;
				GCC_WARN_ABOUT_RETURN_TYPE = YES_ERROR;
				GCC_WARN_UNDECLARED_SELECTOR = YES;
				GCC_WARN_UNINITIALIZED_AUTOS = YES_AGGRESSIVE;
				GCC_WARN_UNUSED_FUNCTION = YES;
				GCC_WARN_UNUSED_VARIABLE = YES;
				IPHONEOS_DEPLOYMENT_TARGET = 8.0;
				MTL_ENABLE_DEBUG_INFO = NO;
				SDKROOT = iphoneos;
				TARGETED_DEVICE_FAMILY = "1,2";
				VALIDATE_PRODUCT = YES;
			};
			name = Release;
		};
		8708A3E51B6C86860012484E /* Debug */ = {
			isa = XCBuildConfiguration;
			baseConfigurationReference = 058077DC531D626741DCE35B /* Pods.debug.xcconfig */;
			buildSettings = {
				ASSETCATALOG_COMPILER_APPICON_NAME = AppIcon;
				ASSETCATALOG_COMPILER_LAUNCHIMAGE_NAME = LaunchImage;
				GCC_PREFIX_HEADER = "Eduber/Eduber-prefix.pch";
				INFOPLIST_FILE = Eduber/Info.plist;
				LD_RUNPATH_SEARCH_PATHS = "$(inherited) @executable_path/Frameworks";
				PRODUCT_NAME = "$(TARGET_NAME)";
				TARGETED_DEVICE_FAMILY = 1;
			};
			name = Debug;
		};
		8708A3E61B6C86860012484E /* Release */ = {
			isa = XCBuildConfiguration;
			baseConfigurationReference = 7AAAF699BC1C757B5D3D8778 /* Pods.release.xcconfig */;
			buildSettings = {
				ASSETCATALOG_COMPILER_APPICON_NAME = AppIcon;
				ASSETCATALOG_COMPILER_LAUNCHIMAGE_NAME = LaunchImage;
				GCC_PREFIX_HEADER = "Eduber/Eduber-prefix.pch";
				INFOPLIST_FILE = Eduber/Info.plist;
				LD_RUNPATH_SEARCH_PATHS = "$(inherited) @executable_path/Frameworks";
				PRODUCT_NAME = "$(TARGET_NAME)";
				TARGETED_DEVICE_FAMILY = 1;
			};
			name = Release;
		};
		8708A3E81B6C86860012484E /* Debug */ = {
			isa = XCBuildConfiguration;
			buildSettings = {
				BUNDLE_LOADER = "$(TEST_HOST)";
				FRAMEWORK_SEARCH_PATHS = (
					"$(SDKROOT)/Developer/Library/Frameworks",
					"$(inherited)",
				);
				GCC_PREPROCESSOR_DEFINITIONS = (
					"DEBUG=1",
					"$(inherited)",
				);
				INFOPLIST_FILE = EduberTests/Info.plist;
				LD_RUNPATH_SEARCH_PATHS = "$(inherited) @executable_path/Frameworks @loader_path/Frameworks";
				PRODUCT_NAME = "$(TARGET_NAME)";
				TEST_HOST = "$(BUILT_PRODUCTS_DIR)/Eduber.app/Eduber";
			};
			name = Debug;
		};
		8708A3E91B6C86860012484E /* Release */ = {
			isa = XCBuildConfiguration;
			buildSettings = {
				BUNDLE_LOADER = "$(TEST_HOST)";
				FRAMEWORK_SEARCH_PATHS = (
					"$(SDKROOT)/Developer/Library/Frameworks",
					"$(inherited)",
				);
				INFOPLIST_FILE = EduberTests/Info.plist;
				LD_RUNPATH_SEARCH_PATHS = "$(inherited) @executable_path/Frameworks @loader_path/Frameworks";
				PRODUCT_NAME = "$(TARGET_NAME)";
				TEST_HOST = "$(BUILT_PRODUCTS_DIR)/Eduber.app/Eduber";
			};
			name = Release;
		};
/* End XCBuildConfiguration section */

/* Begin XCConfigurationList section */
		8708A3BC1B6C86860012484E /* Build configuration list for PBXProject "Eduber" */ = {
			isa = XCConfigurationList;
			buildConfigurations = (
				8708A3E21B6C86860012484E /* Debug */,
				8708A3E31B6C86860012484E /* Release */,
			);
			defaultConfigurationIsVisible = 0;
			defaultConfigurationName = Release;
		};
		8708A3E41B6C86860012484E /* Build configuration list for PBXNativeTarget "Eduber" */ = {
			isa = XCConfigurationList;
			buildConfigurations = (
				8708A3E51B6C86860012484E /* Debug */,
				8708A3E61B6C86860012484E /* Release */,
			);
			defaultConfigurationIsVisible = 0;
			defaultConfigurationName = Release;
		};
		8708A3E71B6C86860012484E /* Build configuration list for PBXNativeTarget "EduberTests" */ = {
			isa = XCConfigurationList;
			buildConfigurations = (
				8708A3E81B6C86860012484E /* Debug */,
				8708A3E91B6C86860012484E /* Release */,
			);
			defaultConfigurationIsVisible = 0;
			defaultConfigurationName = Release;
		};
/* End XCConfigurationList section */
	};
	rootObject = 8708A3B91B6C86860012484E /* Project object */;
}
