// !$*UTF8*$!
{
	archiveVersion = 1;
	classes = {
	};
	objectVersion = 46;
	objects = {

/* Begin PBXBuildFile section */
		8708A3C71B6C86860012484E /* main.m in Sources */ = {isa = PBXBuildFile; fileRef = 8708A3C61B6C86860012484E /* main.m */; };
		8708A3CA1B6C86860012484E /* AppDelegate.m in Sources */ = {isa = PBXBuildFile; fileRef = 8708A3C91B6C86860012484E /* AppDelegate.m */; };
		8708A3D01B6C86860012484E /* Main.storyboard in Resources */ = {isa = PBXBuildFile; fileRef = 8708A3CE1B6C86860012484E /* Main.storyboard */; };
		8708A3D21B6C86860012484E /* Images.xcassets in Resources */ = {isa = PBXBuildFile; fileRef = 8708A3D11B6C86860012484E /* Images.xcassets */; };
		8708A3D51B6C86860012484E /* LaunchScreen.xib in Resources */ = {isa = PBXBuildFile; fileRef = 8708A3D31B6C86860012484E /* LaunchScreen.xib */; };
		8708A3E11B6C86860012484E /* EduberTests.m in Sources */ = {isa = PBXBuildFile; fileRef = 8708A3E01B6C86860012484E /* EduberTests.m */; };
		878B3E7C1B6C8DB6006B8710 /* Teacher.storyboard in Resources */ = {isa = PBXBuildFile; fileRef = 878B3E7B1B6C8DB6006B8710 /* Teacher.storyboard */; };
		878B3E7F1B6C968F006B8710 /* StudyFieldsViewController.m in Sources */ = {isa = PBXBuildFile; fileRef = 878B3E7E1B6C968F006B8710 /* StudyFieldsViewController.m */; };
/* End PBXBuildFile section */

/* Begin PBXContainerItemProxy section */
		8708A3DB1B6C86860012484E /* PBXContainerItemProxy */ = {
			isa = PBXContainerItemProxy;
			containerPortal = 8708A3B91B6C86860012484E /* Project object */;
			proxyType = 1;
			remoteGlobalIDString = 8708A3C01B6C86860012484E;
			remoteInfo = Eduber;
		};
/* End PBXContainerItemProxy section */

/* Begin PBXFileReference section */
		8708A3C11B6C86860012484E /* Eduber.app */ = {isa = PBXFileReference; explicitFileType = wrapper.application; includeInIndex = 0; path = Eduber.app; sourceTree = BUILT_PRODUCTS_DIR; };
		8708A3C51B6C86860012484E /* Info.plist */ = {isa = PBXFileReference; lastKnownFileType = text.plist.xml; path = Info.plist; sourceTree = "<group>"; };
		8708A3C61B6C86860012484E /* main.m */ = {isa = PBXFileReference; lastKnownFileType = sourcecode.c.objc; path = main.m; sourceTree = "<group>"; };
		8708A3C81B6C86860012484E /* AppDelegate.h */ = {isa = PBXFileReference; lastKnownFileType = sourcecode.c.h; path = AppDelegate.h; sourceTree = "<group>"; };
		8708A3C91B6C86860012484E /* AppDelegate.m */ = {isa = PBXFileReference; lastKnownFileType = sourcecode.c.objc; path = AppDelegate.m; sourceTree = "<group>"; };
		8708A3CF1B6C86860012484E /* Base */ = {isa = PBXFileReference; lastKnownFileType = file.storyboard; name = Base; path = Base.lproj/Main.storyboard; sourceTree = "<group>"; };
		8708A3D11B6C86860012484E /* Images.xcassets */ = {isa = PBXFileReference; lastKnownFileType = folder.assetcatalog; path = Images.xcassets; sourceTree = "<group>"; };
		8708A3D41B6C86860012484E /* Base */ = {isa = PBXFileReference; lastKnownFileType = file.xib; name = Base; path = Base.lproj/LaunchScreen.xib; sourceTree = "<group>"; };
		8708A3DA1B6C86860012484E /* EduberTests.xctest */ = {isa = PBXFileReference; explicitFileType = wrapper.cfbundle; includeInIndex = 0; path = EduberTests.xctest; sourceTree = BUILT_PRODUCTS_DIR; };
		8708A3DF1B6C86860012484E /* Info.plist */ = {isa = PBXFileReference; lastKnownFileType = text.plist.xml; path = Info.plist; sourceTree = "<group>"; };
		8708A3E01B6C86860012484E /* EduberTests.m */ = {isa = PBXFileReference; lastKnownFileType = sourcecode.c.objc; path = EduberTests.m; sourceTree = "<group>"; };
		878B3E7B1B6C8DB6006B8710 /* Teacher.storyboard */ = {isa = PBXFileReference; fileEncoding = 4; lastKnownFileType = file.storyboard; path = Teacher.storyboard; sourceTree = "<group>"; };
		878B3E7D1B6C968F006B8710 /* StudyFieldsViewController.h */ = {isa = PBXFileReference; fileEncoding = 4; lastKnownFileType = sourcecode.c.h; name = StudyFieldsViewController.h; path = ViewControllers/StudyFieldsViewController.h; sourceTree = "<group>"; };
		878B3E7E1B6C968F006B8710 /* StudyFieldsViewController.m */ = {isa = PBXFileReference; fileEncoding = 4; lastKnownFileType = sourcecode.c.objc; name = StudyFieldsViewController.m; path = ViewControllers/StudyFieldsViewController.m; sourceTree = "<group>"; };
/* End PBXFileReference section */

/* Begin PBXFrameworksBuildPhase section */
		8708A3BE1B6C86860012484E /* Frameworks */ = {
			isa = PBXFrameworksBuildPhase;
			buildActionMask = 2147483647;
			files = (
			);
			runOnlyForDeploymentPostprocessing = 0;
		};
		8708A3D71B6C86860012484E /* Frameworks */ = {
			isa = PBXFrameworksBuildPhase;
			buildActionMask = 2147483647;
			files = (
			);
			runOnlyForDeploymentPostprocessing = 0;
		};
/* End PBXFrameworksBuildPhase section */

/* Begin PBXGroup section */
		8708A3B81B6C86860012484E = {
			isa = PBXGroup;
			children = (
				8708A3C31B6C86860012484E /* Eduber */,
				8708A3DD1B6C86860012484E /* EduberTests */,
				8708A3C21B6C86860012484E /* Products */,
			);
			sourceTree = "<group>";
		};
		8708A3C21B6C86860012484E /* Products */ = {
			isa = PBXGroup;
			children = (
				8708A3C11B6C86860012484E /* Eduber.app */,
				8708A3DA1B6C86860012484E /* EduberTests.xctest */,
			);
			name = Products;
			sourceTree = "<group>";
		};
		8708A3C31B6C86860012484E /* Eduber */ = {
			isa = PBXGroup;
			children = (
				878B3E801B6C9693006B8710 /* ViewControllers */,
				8708A3C81B6C86860012484E /* AppDelegate.h */,
				8708A3C91B6C86860012484E /* AppDelegate.m */,
				878B3E7B1B6C8DB6006B8710 /* Teacher.storyboard */,
				8708A3CE1B6C86860012484E /* Main.storyboard */,
				8708A3D31B6C86860012484E /* LaunchScreen.xib */,
				8708A3D11B6C86860012484E /* Images.xcassets */,
				8708A3C41B6C86860012484E /* Supporting Files */,
			);
			path = Eduber;
			sourceTree = "<group>";
		};
		8708A3C41B6C86860012484E /* Supporting Files */ = {
			isa = PBXGroup;
			children = (
				8708A3C51B6C86860012484E /* Info.plist */,
				8708A3C61B6C86860012484E /* main.m */,
			);
			name = "Supporting Files";
			sourceTree = "<group>";
		};
		8708A3DD1B6C86860012484E /* EduberTests */ = {
			isa = PBXGroup;
			children = (
				8708A3E01B6C86860012484E /* EduberTests.m */,
				8708A3DE1B6C86860012484E /* Supporting Files */,
			);
			path = EduberTests;
			sourceTree = "<group>";
		};
		8708A3DE1B6C86860012484E /* Supporting Files */ = {
			isa = PBXGroup;
			children = (
				8708A3DF1B6C86860012484E /* Info.plist */,
			);
			name = "Supporting Files";
			sourceTree = "<group>";
		};
		878B3E801B6C9693006B8710 /* ViewControllers */ = {
			isa = PBXGroup;
			children = (
				878B3E7D1B6C968F006B8710 /* StudyFieldsViewController.h */,
				878B3E7E1B6C968F006B8710 /* StudyFieldsViewController.m */,
			);
			name = ViewControllers;
			sourceTree = "<group>";
		};
/* End PBXGroup section */

/* Begin PBXNativeTarget section */
		8708A3C01B6C86860012484E /* Eduber */ = {
			isa = PBXNativeTarget;
			buildConfigurationList = 8708A3E41B6C86860012484E /* Build configuration list for PBXNativeTarget "Eduber" */;
			buildPhases = (
				8708A3BD1B6C86860012484E /* Sources */,
				8708A3BE1B6C86860012484E /* Frameworks */,
				8708A3BF1B6C86860012484E /* Resources */,
			);
			buildRules = (
			);
			dependencies = (
			);
			name = Eduber;
			productName = Eduber;
			productReference = 8708A3C11B6C86860012484E /* Eduber.app */;
			productType = "com.apple.product-type.application";
		};
		8708A3D91B6C86860012484E /* EduberTests */ = {
			isa = PBXNativeTarget;
			buildConfigurationList = 8708A3E71B6C86860012484E /* Build configuration list for PBXNativeTarget "EduberTests" */;
			buildPhases = (
				8708A3D61B6C86860012484E /* Sources */,
				8708A3D71B6C86860012484E /* Frameworks */,
				8708A3D81B6C86860012484E /* Resources */,
			);
			buildRules = (
			);
			dependencies = (
				8708A3DC1B6C86860012484E /* PBXTargetDependency */,
			);
			name = EduberTests;
			productName = EduberTests;
			productReference = 8708A3DA1B6C86860012484E /* EduberTests.xctest */;
			productType = "com.apple.product-type.bundle.unit-test";
		};
/* End PBXNativeTarget section */

/* Begin PBXProject section */
		8708A3B91B6C86860012484E /* Project object */ = {
			isa = PBXProject;
			attributes = {
				LastUpgradeCheck = 0640;
				ORGANIZATIONNAME = RTH;
				TargetAttributes = {
					8708A3C01B6C86860012484E = {
						CreatedOnToolsVersion = 6.4;
					};
					8708A3D91B6C86860012484E = {
						CreatedOnToolsVersion = 6.4;
						TestTargetID = 8708A3C01B6C86860012484E;
					};
				};
			};
			buildConfigurationList = 8708A3BC1B6C86860012484E /* Build configuration list for PBXProject "Eduber" */;
			compatibilityVersion = "Xcode 3.2";
			developmentRegion = English;
			hasScannedForEncodings = 0;
			knownRegions = (
				en,
				Base,
			);
			mainGroup = 8708A3B81B6C86860012484E;
			productRefGroup = 8708A3C21B6C86860012484E /* Products */;
			projectDirPath = "";
			projectRoot = "";
			targets = (
				8708A3C01B6C86860012484E /* Eduber */,
				8708A3D91B6C86860012484E /* EduberTests */,
			);
		};
/* End PBXProject section */

/* Begin PBXResourcesBuildPhase section */
		8708A3BF1B6C86860012484E /* Resources */ = {
			isa = PBXResourcesBuildPhase;
			buildActionMask = 2147483647;
			files = (
				8708A3D01B6C86860012484E /* Main.storyboard in Resources */,
				878B3E7C1B6C8DB6006B8710 /* Teacher.storyboard in Resources */,
				8708A3D51B6C86860012484E /* LaunchScreen.xib in Resources */,
				8708A3D21B6C86860012484E /* Images.xcassets in Resources */,
			);
			runOnlyForDeploymentPostprocessing = 0;
		};
		8708A3D81B6C86860012484E /* Resources */ = {
			isa = PBXResourcesBuildPhase;
			buildActionMask = 2147483647;
			files = (
			);
			runOnlyForDeploymentPostprocessing = 0;
		};
/* End PBXResourcesBuildPhase section */

/* Begin PBXSourcesBuildPhase section */
		8708A3BD1B6C86860012484E /* Sources */ = {
			isa = PBXSourcesBuildPhase;
			buildActionMask = 2147483647;
			files = (
				8708A3CA1B6C86860012484E /* AppDelegate.m in Sources */,
				878B3E7F1B6C968F006B8710 /* StudyFieldsViewController.m in Sources */,
				8708A3C71B6C86860012484E /* main.m in Sources */,
			);
			runOnlyForDeploymentPostprocessing = 0;
		};
		8708A3D61B6C86860012484E /* Sources */ = {
			isa = PBXSourcesBuildPhase;
			buildActionMask = 2147483647;
			files = (
				8708A3E11B6C86860012484E /* EduberTests.m in Sources */,
			);
			runOnlyForDeploymentPostprocessing = 0;
		};
/* End PBXSourcesBuildPhase section */

/* Begin PBXTargetDependency section */
		8708A3DC1B6C86860012484E /* PBXTargetDependency */ = {
			isa = PBXTargetDependency;
			target = 8708A3C01B6C86860012484E /* Eduber */;
			targetProxy = 8708A3DB1B6C86860012484E /* PBXContainerItemProxy */;
		};
/* End PBXTargetDependency section */

/* Begin PBXVariantGroup section */
		8708A3CE1B6C86860012484E /* Main.storyboard */ = {
			isa = PBXVariantGroup;
			children = (
				8708A3CF1B6C86860012484E /* Base */,
			);
			name = Main.storyboard;
			sourceTree = "<group>";
		};
		8708A3D31B6C86860012484E /* LaunchScreen.xib */ = {
			isa = PBXVariantGroup;
			children = (
				8708A3D41B6C86860012484E /* Base */,
			);
			name = LaunchScreen.xib;
			sourceTree = "<group>";
		};
/* End PBXVariantGroup section */

/* Begin XCBuildConfiguration section */
		8708A3E21B6C86860012484E /* Debug */ = {
			isa = XCBuildConfiguration;
			buildSettings = {
				ALWAYS_SEARCH_USER_PATHS = NO;
				CLANG_CXX_LANGUAGE_STANDARD = "gnu++0x";
				CLANG_CXX_LIBRARY = "libc++";
				CLANG_ENABLE_MODULES = YES;
				CLANG_ENABLE_OBJC_ARC = YES;
				CLANG_WARN_BOOL_CONVERSION = YES;
				CLANG_WARN_CONSTANT_CONVERSION = YES;
				CLANG_WARN_DIRECT_OBJC_ISA_USAGE = YES_ERROR;
				CLANG_WARN_EMPTY_BODY = YES;
				CLANG_WARN_ENUM_CONVERSION = YES;
				CLANG_WARN_INT_CONVERSION = YES;
				CLANG_WARN_OBJC_ROOT_CLASS = YES_ERROR;
				CLANG_WARN_UNREACHABLE_CODE = YES;
				CLANG_WARN__DUPLICATE_METHOD_MATCH = YES;
				"CODE_SIGN_IDENTITY[sdk=iphoneos*]" = "iPhone Developer";
				COPY_PHASE_STRIP = NO;
				DEBUG_INFORMATION_FORMAT = "dwarf-with-dsym";
				ENABLE_STRICT_OBJC_MSGSEND = YES;
				GCC_C_LANGUAGE_STANDARD = gnu99;
				GCC_DYNAMIC_NO_PIC = NO;
				GCC_NO_COMMON_BLOCKS = YES;
				GCC_OPTIMIZATION_LEVEL = 0;
				GCC_PREPROCESSOR_DEFINITIONS = (
					"DEBUG=1",
					"$(inherited)",
				);
				GCC_SYMBOLS_PRIVATE_EXTERN = NO;
				GCC_WARN_64_TO_32_BIT_CONVERSION = YES;
				GCC_WARN_ABOUT_RETURN_TYPE = YES_ERROR;
				GCC_WARN_UNDECLARED_SELECTOR = YES;
				GCC_WARN_UNINITIALIZED_AUTOS = YES_AGGRESSIVE;
				GCC_WARN_UNUSED_FUNCTION = YES;
				GCC_WARN_UNUSED_VARIABLE = YES;
				IPHONEOS_DEPLOYMENT_TARGET = 8.4;
				MTL_ENABLE_DEBUG_INFO = YES;
				ONLY_ACTIVE_ARCH = YES;
				SDKROOT = iphoneos;
				TARGETED_DEVICE_FAMILY = "1,2";
			};
			name = Debug;
		};
		8708A3E31B6C86860012484E /* Release */ = {
			isa = XCBuildConfiguration;
			buildSettings = {
				ALWAYS_SEARCH_USER_PATHS = NO;
				CLANG_CXX_LANGUAGE_STANDARD = "gnu++0x";
				CLANG_CXX_LIBRARY = "libc++";
				CLANG_ENABLE_MODULES = YES;
				CLANG_ENABLE_OBJC_ARC = YES;
				CLANG_WARN_BOOL_CONVERSION = YES;
				CLANG_WARN_CONSTANT_CONVERSION = YES;
				CLANG_WARN_DIRECT_OBJC_ISA_USAGE = YES_ERROR;
				CLANG_WARN_EMPTY_BODY = YES;
				CLANG_WARN_ENUM_CONVERSION = YES;
				CLANG_WARN_INT_CONVERSION = YES;
				CLANG_WARN_OBJC_ROOT_CLASS = YES_ERROR;
				CLANG_WARN_UNREACHABLE_CODE = YES;
				CLANG_WARN__DUPLICATE_METHOD_MATCH = YES;
				"CODE_SIGN_IDENTITY[sdk=iphoneos*]" = "iPhone Developer";
				COPY_PHASE_STRIP = NO;
				DEBUG_INFORMATION_FORMAT = "dwarf-with-dsym";
				ENABLE_NS_ASSERTIONS = NO;
				ENABLE_STRICT_OBJC_MSGSEND = YES;
				GCC_C_LANGUAGE_STANDARD = gnu99;
				GCC_NO_COMMON_BLOCKS = YES;
				GCC_WARN_64_TO_32_BIT_CONVERSION = YES;
				GCC_WARN_ABOUT_RETURN_TYPE = YES_ERROR;
				GCC_WARN_UNDECLARED_SELECTOR = YES;
				GCC_WARN_UNINITIALIZED_AUTOS = YES_AGGRESSIVE;
				GCC_WARN_UNUSED_FUNCTION = YES;
				GCC_WARN_UNUSED_VARIABLE = YES;
				IPHONEOS_DEPLOYMENT_TARGET = 8.4;
				MTL_ENABLE_DEBUG_INFO = NO;
				SDKROOT = iphoneos;
				TARGETED_DEVICE_FAMILY = "1,2";
				VALIDATE_PRODUCT = YES;
			};
			name = Release;
		};
		8708A3E51B6C86860012484E /* Debug */ = {
			isa = XCBuildConfiguration;
			buildSettings = {
				ASSETCATALOG_COMPILER_APPICON_NAME = AppIcon;
				INFOPLIST_FILE = Eduber/Info.plist;
				IPHONEOS_DEPLOYMENT_TARGET = 8.2;
				LD_RUNPATH_SEARCH_PATHS = "$(inherited) @executable_path/Frameworks";
				PRODUCT_NAME = "$(TARGET_NAME)";
			};
			name = Debug;
		};
		8708A3E61B6C86860012484E /* Release */ = {
			isa = XCBuildConfiguration;
			buildSettings = {
				ASSETCATALOG_COMPILER_APPICON_NAME = AppIcon;
				INFOPLIST_FILE = Eduber/Info.plist;
				IPHONEOS_DEPLOYMENT_TARGET = 8.2;
				LD_RUNPATH_SEARCH_PATHS = "$(inherited) @executable_path/Frameworks";
				PRODUCT_NAME = "$(TARGET_NAME)";
			};
			name = Release;
		};
		8708A3E81B6C86860012484E /* Debug */ = {
			isa = XCBuildConfiguration;
			buildSettings = {
				BUNDLE_LOADER = "$(TEST_HOST)";
				FRAMEWORK_SEARCH_PATHS = (
					"$(SDKROOT)/Developer/Library/Frameworks",
					"$(inherited)",
				);
				GCC_PREPROCESSOR_DEFINITIONS = (
					"DEBUG=1",
					"$(inherited)",
				);
				INFOPLIST_FILE = EduberTests/Info.plist;
				LD_RUNPATH_SEARCH_PATHS = "$(inherited) @executable_path/Frameworks @loader_path/Frameworks";
				PRODUCT_NAME = "$(TARGET_NAME)";
				TEST_HOST = "$(BUILT_PRODUCTS_DIR)/Eduber.app/Eduber";
			};
			name = Debug;
		};
		8708A3E91B6C86860012484E /* Release */ = {
			isa = XCBuildConfiguration;
			buildSettings = {
				BUNDLE_LOADER = "$(TEST_HOST)";
				FRAMEWORK_SEARCH_PATHS = (
					"$(SDKROOT)/Developer/Library/Frameworks",
					"$(inherited)",
				);
				INFOPLIST_FILE = EduberTests/Info.plist;
				LD_RUNPATH_SEARCH_PATHS = "$(inherited) @executable_path/Frameworks @loader_path/Frameworks";
				PRODUCT_NAME = "$(TARGET_NAME)";
				TEST_HOST = "$(BUILT_PRODUCTS_DIR)/Eduber.app/Eduber";
			};
			name = Release;
		};
/* End XCBuildConfiguration section */

/* Begin XCConfigurationList section */
		8708A3BC1B6C86860012484E /* Build configuration list for PBXProject "Eduber" */ = {
			isa = XCConfigurationList;
			buildConfigurations = (
				8708A3E21B6C86860012484E /* Debug */,
				8708A3E31B6C86860012484E /* Release */,
			);
			defaultConfigurationIsVisible = 0;
			defaultConfigurationName = Release;
		};
		8708A3E41B6C86860012484E /* Build configuration list for PBXNativeTarget "Eduber" */ = {
			isa = XCConfigurationList;
			buildConfigurations = (
				8708A3E51B6C86860012484E /* Debug */,
				8708A3E61B6C86860012484E /* Release */,
			);
			defaultConfigurationIsVisible = 0;
			defaultConfigurationName = Release;
		};
		8708A3E71B6C86860012484E /* Build configuration list for PBXNativeTarget "EduberTests" */ = {
			isa = XCConfigurationList;
			buildConfigurations = (
				8708A3E81B6C86860012484E /* Debug */,
				8708A3E91B6C86860012484E /* Release */,
			);
			defaultConfigurationIsVisible = 0;
			defaultConfigurationName = Release;
		};
/* End XCConfigurationList section */
	};
	rootObject = 8708A3B91B6C86860012484E /* Project object */;
}
